
Microsoft Visual Studio Solution File, Format Version 12.00
# Visual Studio Version 17
VisualStudioVersion = 17.10.35122.118
MinimumVisualStudioVersion = 10.0.40219.1
Project("{FAE04EC0-301F-11D3-BF4B-00C04F79EFBC}") = "Presentation", "Presentation\Presentation.csproj", "{FC4372DC-BD79-4A1F-B33F-62C5557B03B3}"
EndProject
Project("{FAE04EC0-301F-11D3-BF4B-00C04F79EFBC}") = "Core", "Core\Core.csproj", "{DAA24740-28DD-4A2C-907D-5386DF7D9209}"
EndProject
Project("{FAE04EC0-301F-11D3-BF4B-00C04F79EFBC}") = "Application", "Application\Application.csproj", "{1A9937F1-CA60-4A3A-A367-792898804E51}"
EndProject
Project("{FAE04EC0-301F-11D3-BF4B-00C04F79EFBC}") = "Infrastructure", "Infrastructure\Infrastructure.csproj", "{3E794583-440D-49ED-875B-CCF891B9DEA4}"
EndProject
Global
	GlobalSection(SolutionConfigurationPlatforms) = preSolution
		Debug|Any CPU = Debug|Any CPU
		Release|Any CPU = Release|Any CPU
	EndGlobalSection
	GlobalSection(ProjectConfigurationPlatforms) = postSolution
		{FC4372DC-BD79-4A1F-B33F-62C5557B03B3}.Debug|Any CPU.ActiveCfg = Debug|Any CPU
		{FC4372DC-BD79-4A1F-B33F-62C5557B03B3}.Debug|Any CPU.Build.0 = Debug|Any CPU
		{FC4372DC-BD79-4A1F-B33F-62C5557B03B3}.Debug|Any CPU.Deploy.0 = Debug|Any CPU
		{FC4372DC-BD79-4A1F-B33F-62C5557B03B3}.Release|Any CPU.ActiveCfg = Release|Any CPU
		{FC4372DC-BD79-4A1F-B33F-62C5557B03B3}.Release|Any CPU.Build.0 = Release|Any CPU
		{FC4372DC-BD79-4A1F-B33F-62C5557B03B3}.Release|Any CPU.Deploy.0 = Release|Any CPU
		{DAA24740-28DD-4A2C-907D-5386DF7D9209}.Debug|Any CPU.ActiveCfg = Debug|Any CPU
		{DAA24740-28DD-4A2C-907D-5386DF7D9209}.Debug|Any CPU.Build.0 = Debug|Any CPU
		{DAA24740-28DD-4A2C-907D-5386DF7D9209}.Release|Any CPU.ActiveCfg = Release|Any CPU
		{DAA24740-28DD-4A2C-907D-5386DF7D9209}.Release|Any CPU.Build.0 = Release|Any CPU
		{1A9937F1-CA60-4A3A-A367-792898804E51}.Debug|Any CPU.ActiveCfg = Debug|Any CPU
		{1A9937F1-CA60-4A3A-A367-792898804E51}.Debug|Any CPU.Build.0 = Debug|Any CPU
		{1A9937F1-CA60-4A3A-A367-792898804E51}.Release|Any CPU.ActiveCfg = Release|Any CPU
		{1A9937F1-CA60-4A3A-A367-792898804E51}.Release|Any CPU.Build.0 = Release|Any CPU
		{3E794583-440D-49ED-875B-CCF891B9DEA4}.Debug|Any CPU.ActiveCfg = Debug|Any CPU
		{3E794583-440D-49ED-875B-CCF891B9DEA4}.Debug|Any CPU.Build.0 = Debug|Any CPU
		{3E794583-440D-49ED-875B-CCF891B9DEA4}.Release|Any CPU.ActiveCfg = Release|Any CPU
		{3E794583-440D-49ED-875B-CCF891B9DEA4}.Release|Any CPU.Build.0 = Release|Any CPU
	EndGlobalSection
	GlobalSection(SolutionProperties) = preSolution
		HideSolutionNode = FALSE
	EndGlobalSection
	GlobalSection(ExtensibilityGlobals) = postSolution
		SolutionGuid = {02C06343-18DA-4ABC-8557-73635FB85A9C}
	EndGlobalSection
EndGlobal
